// !$*UTF8*$!
{
	archiveVersion = 1;
	classes = {
	};
	objectVersion = 46;
	objects = {

/* Begin PBXBuildFile section */
		511F206D1F03D8F500BC515D /* Node.cpp in Sources */ = {isa = PBXBuildFile; fileRef = 511F206B1F03D8F500BC515D /* Node.cpp */; };
		511F206E1F03D8F500BC515D /* Node.hpp in Headers */ = {isa = PBXBuildFile; fileRef = 511F206C1F03D8F500BC515D /* Node.hpp */; };
		511F20711F03D90700BC515D /* Tree.cpp in Sources */ = {isa = PBXBuildFile; fileRef = 511F206F1F03D90700BC515D /* Tree.cpp */; };
		511F20721F03D90700BC515D /* Tree.hpp in Headers */ = {isa = PBXBuildFile; fileRef = 511F20701F03D90700BC515D /* Tree.hpp */; };
		511F20751F03D92B00BC515D /* Treelist.cpp in Sources */ = {isa = PBXBuildFile; fileRef = 511F20731F03D92B00BC515D /* Treelist.cpp */; };
		511F20761F03D92B00BC515D /* Treelist.hpp in Headers */ = {isa = PBXBuildFile; fileRef = 511F20741F03D92B00BC515D /* Treelist.hpp */; };
		511F20791F03D99A00BC515D /* Topology.cpp in Sources */ = {isa = PBXBuildFile; fileRef = 511F20771F03D99A00BC515D /* Topology.cpp */; };
		511F207A1F03D99A00BC515D /* Topology.hpp in Headers */ = {isa = PBXBuildFile; fileRef = 511F20781F03D99A00BC515D /* Topology.hpp */; };
		511F207D1F03E38200BC515D /* BinNode.cpp in Sources */ = {isa = PBXBuildFile; fileRef = 511F207B1F03E38200BC515D /* BinNode.cpp */; };
		511F207E1F03E38200BC515D /* BinNode.hpp in Headers */ = {isa = PBXBuildFile; fileRef = 511F207C1F03E38200BC515D /* BinNode.hpp */; };
		511F20811F03F2F600BC515D /* NewickReader.cpp in Sources */ = {isa = PBXBuildFile; fileRef = 511F207F1F03F2F600BC515D /* NewickReader.cpp */; };
		511F20821F03F2F600BC515D /* NewickReader.hpp in Headers */ = {isa = PBXBuildFile; fileRef = 511F20801F03F2F600BC515D /* NewickReader.hpp */; };
		511F208A1F03FD3F00BC515D /* main.cpp in Sources */ = {isa = PBXBuildFile; fileRef = 511F20891F03FD3F00BC515D /* main.cpp */; };
		511F208F1F03FE0600BC515D /* Node.cpp in Sources */ = {isa = PBXBuildFile; fileRef = 511F206B1F03D8F500BC515D /* Node.cpp */; };
		511F20901F03FE0600BC515D /* BinNode.cpp in Sources */ = {isa = PBXBuildFile; fileRef = 511F207B1F03E38200BC515D /* BinNode.cpp */; };
		511F20911F03FE0600BC515D /* Tree.cpp in Sources */ = {isa = PBXBuildFile; fileRef = 511F206F1F03D90700BC515D /* Tree.cpp */; };
		511F20921F03FE0600BC515D /* Topology.cpp in Sources */ = {isa = PBXBuildFile; fileRef = 511F20771F03D99A00BC515D /* Topology.cpp */; };
		511F20931F03FE0600BC515D /* Treelist.cpp in Sources */ = {isa = PBXBuildFile; fileRef = 511F20731F03D92B00BC515D /* Treelist.cpp */; };
		511F20941F03FE0600BC515D /* NewickReader.cpp in Sources */ = {isa = PBXBuildFile; fileRef = 511F207F1F03F2F600BC515D /* NewickReader.cpp */; };
		511F20971F03FF1400BC515D /* testNewickReader.cpp in Sources */ = {isa = PBXBuildFile; fileRef = 511F20951F03FF1400BC515D /* testNewickReader.cpp */; };
		5168CA511F04F0DF00594235 /* PolyNode.cpp in Sources */ = {isa = PBXBuildFile; fileRef = 5168CA4F1F04F0DF00594235 /* PolyNode.cpp */; };
		5168CA521F04F0DF00594235 /* PolyNode.hpp in Headers */ = {isa = PBXBuildFile; fileRef = 5168CA501F04F0DF00594235 /* PolyNode.hpp */; };
/* End PBXBuildFile section */

/* Begin PBXCopyFilesBuildPhase section */
		511F20851F03FD3F00BC515D /* CopyFiles */ = {
			isa = PBXCopyFilesBuildPhase;
			buildActionMask = 2147483647;
			dstPath = /usr/share/man/man1/;
			dstSubfolderSpec = 0;
			files = (
			);
			runOnlyForDeploymentPostprocessing = 1;
		};
/* End PBXCopyFilesBuildPhase section */

/* Begin PBXFileReference section */
		511F20641F03D8C700BC515D /* libpcl.a */ = {isa = PBXFileReference; explicitFileType = archive.ar; includeInIndex = 0; path = libpcl.a; sourceTree = BUILT_PRODUCTS_DIR; };
		511F206B1F03D8F500BC515D /* Node.cpp */ = {isa = PBXFileReference; fileEncoding = 4; lastKnownFileType = sourcecode.cpp.cpp; name = Node.cpp; path = src/Node.cpp; sourceTree = "<group>"; };
		511F206C1F03D8F500BC515D /* Node.hpp */ = {isa = PBXFileReference; fileEncoding = 4; lastKnownFileType = sourcecode.cpp.h; name = Node.hpp; path = src/Node.hpp; sourceTree = "<group>"; };
		511F206F1F03D90700BC515D /* Tree.cpp */ = {isa = PBXFileReference; fileEncoding = 4; lastKnownFileType = sourcecode.cpp.cpp; name = Tree.cpp; path = src/Tree.cpp; sourceTree = "<group>"; };
		511F20701F03D90700BC515D /* Tree.hpp */ = {isa = PBXFileReference; fileEncoding = 4; lastKnownFileType = sourcecode.cpp.h; name = Tree.hpp; path = src/Tree.hpp; sourceTree = "<group>"; };
		511F20731F03D92B00BC515D /* Treelist.cpp */ = {isa = PBXFileReference; fileEncoding = 4; lastKnownFileType = sourcecode.cpp.cpp; name = Treelist.cpp; path = src/Treelist.cpp; sourceTree = "<group>"; };
		511F20741F03D92B00BC515D /* Treelist.hpp */ = {isa = PBXFileReference; fileEncoding = 4; lastKnownFileType = sourcecode.cpp.h; name = Treelist.hpp; path = src/Treelist.hpp; sourceTree = "<group>"; };
		511F20771F03D99A00BC515D /* Topology.cpp */ = {isa = PBXFileReference; fileEncoding = 4; lastKnownFileType = sourcecode.cpp.cpp; name = Topology.cpp; path = src/Topology.cpp; sourceTree = "<group>"; };
		511F20781F03D99A00BC515D /* Topology.hpp */ = {isa = PBXFileReference; fileEncoding = 4; lastKnownFileType = sourcecode.cpp.h; name = Topology.hpp; path = src/Topology.hpp; sourceTree = "<group>"; };
		511F207B1F03E38200BC515D /* BinNode.cpp */ = {isa = PBXFileReference; fileEncoding = 4; lastKnownFileType = sourcecode.cpp.cpp; name = BinNode.cpp; path = src/BinNode.cpp; sourceTree = "<group>"; };
		511F207C1F03E38200BC515D /* BinNode.hpp */ = {isa = PBXFileReference; fileEncoding = 4; lastKnownFileType = sourcecode.cpp.h; name = BinNode.hpp; path = src/BinNode.hpp; sourceTree = "<group>"; };
		511F207F1F03F2F600BC515D /* NewickReader.cpp */ = {isa = PBXFileReference; fileEncoding = 4; lastKnownFileType = sourcecode.cpp.cpp; name = NewickReader.cpp; path = src/NewickReader.cpp; sourceTree = "<group>"; };
		511F20801F03F2F600BC515D /* NewickReader.hpp */ = {isa = PBXFileReference; fileEncoding = 4; lastKnownFileType = sourcecode.cpp.h; name = NewickReader.hpp; path = src/NewickReader.hpp; sourceTree = "<group>"; };
		511F20871F03FD3F00BC515D /* PCLtest */ = {isa = PBXFileReference; explicitFileType = "compiled.mach-o.executable"; includeInIndex = 0; path = PCLtest; sourceTree = BUILT_PRODUCTS_DIR; };
		511F20891F03FD3F00BC515D /* main.cpp */ = {isa = PBXFileReference; lastKnownFileType = sourcecode.cpp.cpp; path = main.cpp; sourceTree = "<group>"; };
		511F208E1F03FDB300BC515D /* pcl.h */ = {isa = PBXFileReference; lastKnownFileType = sourcecode.c.h; name = pcl.h; path = src/pcl.h; sourceTree = "<group>"; };
		511F20951F03FF1400BC515D /* testNewickReader.cpp */ = {isa = PBXFileReference; fileEncoding = 4; lastKnownFileType = sourcecode.cpp.cpp; path = testNewickReader.cpp; sourceTree = "<group>"; };
		511F20961F03FF1400BC515D /* testNewickReader.hpp */ = {isa = PBXFileReference; fileEncoding = 4; lastKnownFileType = sourcecode.cpp.h; path = testNewickReader.hpp; sourceTree = "<group>"; };
		5168CA4F1F04F0DF00594235 /* PolyNode.cpp */ = {isa = PBXFileReference; fileEncoding = 4; lastKnownFileType = sourcecode.cpp.cpp; name = PolyNode.cpp; path = src/PolyNode.cpp; sourceTree = "<group>"; };
		5168CA501F04F0DF00594235 /* PolyNode.hpp */ = {isa = PBXFileReference; fileEncoding = 4; lastKnownFileType = sourcecode.cpp.h; name = PolyNode.hpp; path = src/PolyNode.hpp; sourceTree = "<group>"; };
/* End PBXFileReference section */

/* Begin PBXFrameworksBuildPhase section */
		511F20611F03D8C700BC515D /* Frameworks */ = {
			isa = PBXFrameworksBuildPhase;
			buildActionMask = 2147483647;
			files = (
			);
			runOnlyForDeploymentPostprocessing = 0;
		};
		511F20841F03FD3F00BC515D /* Frameworks */ = {
			isa = PBXFrameworksBuildPhase;
			buildActionMask = 2147483647;
			files = (
			);
			runOnlyForDeploymentPostprocessing = 0;
		};
/* End PBXFrameworksBuildPhase section */

/* Begin PBXGroup section */
		511F205B1F03D8C700BC515D = {
			isa = PBXGroup;
			children = (
				511F206B1F03D8F500BC515D /* Node.cpp */,
				511F206C1F03D8F500BC515D /* Node.hpp */,
				511F207B1F03E38200BC515D /* BinNode.cpp */,
				511F207C1F03E38200BC515D /* BinNode.hpp */,
				5168CA4F1F04F0DF00594235 /* PolyNode.cpp */,
				5168CA501F04F0DF00594235 /* PolyNode.hpp */,
				511F206F1F03D90700BC515D /* Tree.cpp */,
				511F20701F03D90700BC515D /* Tree.hpp */,
				511F20771F03D99A00BC515D /* Topology.cpp */,
				511F20781F03D99A00BC515D /* Topology.hpp */,
				511F20731F03D92B00BC515D /* Treelist.cpp */,
				511F20741F03D92B00BC515D /* Treelist.hpp */,
				511F207F1F03F2F600BC515D /* NewickReader.cpp */,
				511F20801F03F2F600BC515D /* NewickReader.hpp */,
				511F208E1F03FDB300BC515D /* pcl.h */,
				511F20881F03FD3F00BC515D /* PCLtest */,
				511F20651F03D8C700BC515D /* Products */,
			);
			sourceTree = "<group>";
		};
		511F20651F03D8C700BC515D /* Products */ = {
			isa = PBXGroup;
			children = (
				511F20641F03D8C700BC515D /* libpcl.a */,
				511F20871F03FD3F00BC515D /* PCLtest */,
			);
			name = Products;
			sourceTree = "<group>";
		};
		511F20881F03FD3F00BC515D /* PCLtest */ = {
			isa = PBXGroup;
			children = (
				511F20891F03FD3F00BC515D /* main.cpp */,
				511F20951F03FF1400BC515D /* testNewickReader.cpp */,
				511F20961F03FF1400BC515D /* testNewickReader.hpp */,
			);
			path = PCLtest;
			sourceTree = "<group>";
		};
/* End PBXGroup section */

/* Begin PBXHeadersBuildPhase section */
		511F20621F03D8C700BC515D /* Headers */ = {
			isa = PBXHeadersBuildPhase;
			buildActionMask = 2147483647;
			files = (
				511F20721F03D90700BC515D /* Tree.hpp in Headers */,
				5168CA521F04F0DF00594235 /* PolyNode.hpp in Headers */,
				511F20761F03D92B00BC515D /* Treelist.hpp in Headers */,
				511F206E1F03D8F500BC515D /* Node.hpp in Headers */,
				511F207E1F03E38200BC515D /* BinNode.hpp in Headers */,
				511F20821F03F2F600BC515D /* NewickReader.hpp in Headers */,
				511F207A1F03D99A00BC515D /* Topology.hpp in Headers */,
			);
			runOnlyForDeploymentPostprocessing = 0;
		};
/* End PBXHeadersBuildPhase section */

/* Begin PBXNativeTarget section */
		511F20631F03D8C700BC515D /* pcl */ = {
			isa = PBXNativeTarget;
			buildConfigurationList = 511F20681F03D8C700BC515D /* Build configuration list for PBXNativeTarget "pcl" */;
			buildPhases = (
				511F20601F03D8C700BC515D /* Sources */,
				511F20611F03D8C700BC515D /* Frameworks */,
				511F20621F03D8C700BC515D /* Headers */,
			);
			buildRules = (
			);
			dependencies = (
			);
			name = pcl;
			productName = "Phylogenetic Class Library";
			productReference = 511F20641F03D8C700BC515D /* libpcl.a */;
			productType = "com.apple.product-type.library.static";
		};
		511F20861F03FD3F00BC515D /* PCLtest */ = {
			isa = PBXNativeTarget;
			buildConfigurationList = 511F208B1F03FD3F00BC515D /* Build configuration list for PBXNativeTarget "PCLtest" */;
			buildPhases = (
				511F20831F03FD3F00BC515D /* Sources */,
				511F20841F03FD3F00BC515D /* Frameworks */,
				511F20851F03FD3F00BC515D /* CopyFiles */,
			);
			buildRules = (
			);
			dependencies = (
			);
			name = PCLtest;
			productName = PCLtest;
			productReference = 511F20871F03FD3F00BC515D /* PCLtest */;
			productType = "com.apple.product-type.tool";
		};
/* End PBXNativeTarget section */

/* Begin PBXProject section */
		511F205C1F03D8C700BC515D /* Project object */ = {
			isa = PBXProject;
			attributes = {
				LastUpgradeCheck = 0820;
				ORGANIZATIONNAME = "Brazeau Lab";
				TargetAttributes = {
					511F20631F03D8C700BC515D = {
						CreatedOnToolsVersion = 8.2.1;
						ProvisioningStyle = Automatic;
					};
					511F20861F03FD3F00BC515D = {
						CreatedOnToolsVersion = 8.2.1;
						ProvisioningStyle = Automatic;
					};
				};
			};
			buildConfigurationList = 511F205F1F03D8C700BC515D /* Build configuration list for PBXProject "Phylogenetic Class Library" */;
			compatibilityVersion = "Xcode 3.2";
			developmentRegion = English;
			hasScannedForEncodings = 0;
			knownRegions = (
				en,
			);
			mainGroup = 511F205B1F03D8C700BC515D;
			productRefGroup = 511F20651F03D8C700BC515D /* Products */;
			projectDirPath = "";
			projectRoot = "";
			targets = (
				511F20631F03D8C700BC515D /* pcl */,
				511F20861F03FD3F00BC515D /* PCLtest */,
			);
		};
/* End PBXProject section */

/* Begin PBXSourcesBuildPhase section */
		511F20601F03D8C700BC515D /* Sources */ = {
			isa = PBXSourcesBuildPhase;
			buildActionMask = 2147483647;
			files = (
				511F20751F03D92B00BC515D /* Treelist.cpp in Sources */,
				511F206D1F03D8F500BC515D /* Node.cpp in Sources */,
				511F20791F03D99A00BC515D /* Topology.cpp in Sources */,
				5168CA511F04F0DF00594235 /* PolyNode.cpp in Sources */,
				511F20811F03F2F600BC515D /* NewickReader.cpp in Sources */,
				511F207D1F03E38200BC515D /* BinNode.cpp in Sources */,
				511F20711F03D90700BC515D /* Tree.cpp in Sources */,
			);
			runOnlyForDeploymentPostprocessing = 0;
		};
		511F20831F03FD3F00BC515D /* Sources */ = {
			isa = PBXSourcesBuildPhase;
			buildActionMask = 2147483647;
			files = (
				511F208F1F03FE0600BC515D /* Node.cpp in Sources */,
				511F20971F03FF1400BC515D /* testNewickReader.cpp in Sources */,
				511F20901F03FE0600BC515D /* BinNode.cpp in Sources */,
				511F20911F03FE0600BC515D /* Tree.cpp in Sources */,
				511F20921F03FE0600BC515D /* Topology.cpp in Sources */,
				511F20931F03FE0600BC515D /* Treelist.cpp in Sources */,
				511F20941F03FE0600BC515D /* NewickReader.cpp in Sources */,
				511F208A1F03FD3F00BC515D /* main.cpp in Sources */,
			);
			runOnlyForDeploymentPostprocessing = 0;
		};
/* End PBXSourcesBuildPhase section */

/* Begin XCBuildConfiguration section */
		511F20661F03D8C700BC515D /* Debug */ = {
			isa = XCBuildConfiguration;
			buildSettings = {
				ALWAYS_SEARCH_USER_PATHS = NO;
				CLANG_ANALYZER_NONNULL = YES;
				CLANG_CXX_LANGUAGE_STANDARD = "gnu++0x";
				CLANG_CXX_LIBRARY = "libc++";
				CLANG_ENABLE_MODULES = YES;
				CLANG_ENABLE_OBJC_ARC = YES;
				CLANG_WARN_BOOL_CONVERSION = YES;
				CLANG_WARN_CONSTANT_CONVERSION = YES;
				CLANG_WARN_DIRECT_OBJC_ISA_USAGE = YES_ERROR;
				CLANG_WARN_DOCUMENTATION_COMMENTS = YES;
				CLANG_WARN_EMPTY_BODY = YES;
				CLANG_WARN_ENUM_CONVERSION = YES;
				CLANG_WARN_INFINITE_RECURSION = YES;
				CLANG_WARN_INT_CONVERSION = YES;
				CLANG_WARN_OBJC_ROOT_CLASS = YES_ERROR;
				CLANG_WARN_SUSPICIOUS_MOVE = YES;
				CLANG_WARN_UNREACHABLE_CODE = YES;
				CLANG_WARN__DUPLICATE_METHOD_MATCH = YES;
				CODE_SIGN_IDENTITY = "-";
				COPY_PHASE_STRIP = NO;
				DEBUG_INFORMATION_FORMAT = dwarf;
				ENABLE_STRICT_OBJC_MSGSEND = YES;
				ENABLE_TESTABILITY = YES;
				GCC_C_LANGUAGE_STANDARD = gnu99;
				GCC_DYNAMIC_NO_PIC = NO;
				GCC_NO_COMMON_BLOCKS = YES;
				GCC_OPTIMIZATION_LEVEL = 0;
				GCC_PREPROCESSOR_DEFINITIONS = (
					"DEBUG=1",
					"$(inherited)",
				);
				GCC_WARN_64_TO_32_BIT_CONVERSION = YES;
				GCC_WARN_ABOUT_RETURN_TYPE = YES_ERROR;
				GCC_WARN_UNDECLARED_SELECTOR = YES;
				GCC_WARN_UNINITIALIZED_AUTOS = YES_AGGRESSIVE;
				GCC_WARN_UNUSED_FUNCTION = YES;
				GCC_WARN_UNUSED_VARIABLE = YES;
				MACOSX_DEPLOYMENT_TARGET = 10.12;
				MTL_ENABLE_DEBUG_INFO = YES;
				ONLY_ACTIVE_ARCH = YES;
				SDKROOT = macosx;
			};
			name = Debug;
		};
		511F20671F03D8C700BC515D /* Release */ = {
			isa = XCBuildConfiguration;
			buildSettings = {
				ALWAYS_SEARCH_USER_PATHS = NO;
				CLANG_ANALYZER_NONNULL = YES;
				CLANG_CXX_LANGUAGE_STANDARD = "gnu++0x";
				CLANG_CXX_LIBRARY = "libc++";
				CLANG_ENABLE_MODULES = YES;
				CLANG_ENABLE_OBJC_ARC = YES;
				CLANG_WARN_BOOL_CONVERSION = YES;
				CLANG_WARN_CONSTANT_CONVERSION = YES;
				CLANG_WARN_DIRECT_OBJC_ISA_USAGE = YES_ERROR;
				CLANG_WARN_DOCUMENTATION_COMMENTS = YES;
				CLANG_WARN_EMPTY_BODY = YES;
				CLANG_WARN_ENUM_CONVERSION = YES;
				CLANG_WARN_INFINITE_RECURSION = YES;
				CLANG_WARN_INT_CONVERSION = YES;
				CLANG_WARN_OBJC_ROOT_CLASS = YES_ERROR;
				CLANG_WARN_SUSPICIOUS_MOVE = YES;
				CLANG_WARN_UNREACHABLE_CODE = YES;
				CLANG_WARN__DUPLICATE_METHOD_MATCH = YES;
				CODE_SIGN_IDENTITY = "-";
				COPY_PHASE_STRIP = NO;
				DEBUG_INFORMATION_FORMAT = "dwarf-with-dsym";
				ENABLE_NS_ASSERTIONS = NO;
				ENABLE_STRICT_OBJC_MSGSEND = YES;
				GCC_C_LANGUAGE_STANDARD = gnu99;
				GCC_NO_COMMON_BLOCKS = YES;
				GCC_WARN_64_TO_32_BIT_CONVERSION = YES;
				GCC_WARN_ABOUT_RETURN_TYPE = YES_ERROR;
				GCC_WARN_UNDECLARED_SELECTOR = YES;
				GCC_WARN_UNINITIALIZED_AUTOS = YES_AGGRESSIVE;
				GCC_WARN_UNUSED_FUNCTION = YES;
				GCC_WARN_UNUSED_VARIABLE = YES;
				MACOSX_DEPLOYMENT_TARGET = 10.12;
				MTL_ENABLE_DEBUG_INFO = NO;
				SDKROOT = macosx;
			};
			name = Release;
		};
		511F20691F03D8C700BC515D /* Debug */ = {
			isa = XCBuildConfiguration;
			buildSettings = {
				EXECUTABLE_PREFIX = lib;
				PRODUCT_NAME = "$(TARGET_NAME)";
			};
			name = Debug;
		};
		511F206A1F03D8C700BC515D /* Release */ = {
			isa = XCBuildConfiguration;
			buildSettings = {
				EXECUTABLE_PREFIX = lib;
				PRODUCT_NAME = "$(TARGET_NAME)";
			};
			name = Release;
		};
		511F208C1F03FD3F00BC515D /* Debug */ = {
			isa = XCBuildConfiguration;
			buildSettings = {
				PRODUCT_NAME = "$(TARGET_NAME)";
			};
			name = Debug;
		};
		511F208D1F03FD3F00BC515D /* Release */ = {
			isa = XCBuildConfiguration;
			buildSettings = {
				PRODUCT_NAME = "$(TARGET_NAME)";
			};
			name = Release;
		};
/* End XCBuildConfiguration section */

/* Begin XCConfigurationList section */
		511F205F1F03D8C700BC515D /* Build configuration list for PBXProject "Phylogenetic Class Library" */ = {
			isa = XCConfigurationList;
			buildConfigurations = (
				511F20661F03D8C700BC515D /* Debug */,
				511F20671F03D8C700BC515D /* Release */,
			);
			defaultConfigurationIsVisible = 0;
			defaultConfigurationName = Release;
		};
		511F20681F03D8C700BC515D /* Build configuration list for PBXNativeTarget "pcl" */ = {
			isa = XCConfigurationList;
			buildConfigurations = (
				511F20691F03D8C700BC515D /* Debug */,
				511F206A1F03D8C700BC515D /* Release */,
			);
			defaultConfigurationIsVisible = 0;
			defaultConfigurationName = Release;
		};
		511F208B1F03FD3F00BC515D /* Build configuration list for PBXNativeTarget "PCLtest" */ = {
			isa = XCConfigurationList;
			buildConfigurations = (
				511F208C1F03FD3F00BC515D /* Debug */,
				511F208D1F03FD3F00BC515D /* Release */,
			);
			defaultConfigurationIsVisible = 0;
			defaultConfigurationName = Release;
		};
/* End XCConfigurationList section */
	};
	rootObject = 511F205C1F03D8C700BC515D /* Project object */;
}
